// !$*UTF8*$!
{
	archiveVersion = 1;
	classes = {
	};
	objectVersion = 55;
	objects = {

/* Begin PBXBuildFile section */
		70042FA628F5E46C00E3AB49 /* UIButton+Extensions.swift in Sources */ = {isa = PBXBuildFile; fileRef = 70042FA528F5E46C00E3AB49 /* UIButton+Extensions.swift */; };
		7009E519292801B400FC0509 /* UIViewController+Extensions.swift in Sources */ = {isa = PBXBuildFile; fileRef = 7009E518292801B400FC0509 /* UIViewController+Extensions.swift */; };
		702BA40528EE105800BB7EDB /* AddViewController.swift in Sources */ = {isa = PBXBuildFile; fileRef = 702BA40428EE105800BB7EDB /* AddViewController.swift */; };
		70507EEB293969C200BBC6B9 /* UIImage+Extensions.swift in Sources */ = {isa = PBXBuildFile; fileRef = 70507EEA293969C200BBC6B9 /* UIImage+Extensions.swift */; };
		707168BA28EE0C7B008B1D69 /* AppDelegate.swift in Sources */ = {isa = PBXBuildFile; fileRef = 707168B928EE0C7B008B1D69 /* AppDelegate.swift */; };
		707168BC28EE0C7B008B1D69 /* SceneDelegate.swift in Sources */ = {isa = PBXBuildFile; fileRef = 707168BB28EE0C7B008B1D69 /* SceneDelegate.swift */; };
		707168BE28EE0C7B008B1D69 /* ViewController.swift in Sources */ = {isa = PBXBuildFile; fileRef = 707168BD28EE0C7B008B1D69 /* ViewController.swift */; };
		707168C428EE0C7B008B1D69 /* Week_Routine.xcdatamodeld in Sources */ = {isa = PBXBuildFile; fileRef = 707168C228EE0C7B008B1D69 /* Week_Routine.xcdatamodeld */; };
		707168C628EE0C7E008B1D69 /* Assets.xcassets in Resources */ = {isa = PBXBuildFile; fileRef = 707168C528EE0C7E008B1D69 /* Assets.xcassets */; };
		707168C928EE0C7E008B1D69 /* LaunchScreen.storyboard in Resources */ = {isa = PBXBuildFile; fileRef = 707168C728EE0C7E008B1D69 /* LaunchScreen.storyboard */; };
		707A5D1F293A6B0D00D7D19A /* UIContextualAction+Extensions.swift in Sources */ = {isa = PBXBuildFile; fileRef = 707A5D1E293A6B0D00D7D19A /* UIContextualAction+Extensions.swift */; };
		707A5D21293A862500D7D19A /* TableViewPlaceholderView.swift in Sources */ = {isa = PBXBuildFile; fileRef = 707A5D20293A862500D7D19A /* TableViewPlaceholderView.swift */; };
		70A92CC928EEE3C5004D5419 /* UIColor+HexValue.swift in Sources */ = {isa = PBXBuildFile; fileRef = 70A92CC828EEE3C5004D5419 /* UIColor+HexValue.swift */; };
		70A92CCB28EEE50C004D5419 /* UITextField+Extensions.swift in Sources */ = {isa = PBXBuildFile; fileRef = 70A92CCA28EEE50C004D5419 /* UITextField+Extensions.swift */; };
		70A92CCD28EF09AE004D5419 /* SettingsViewController.swift in Sources */ = {isa = PBXBuildFile; fileRef = 70A92CCC28EF09AE004D5419 /* SettingsViewController.swift */; };
		70A92CCF28EF0C09004D5419 /* UISegmentedControl+Extensions.swift in Sources */ = {isa = PBXBuildFile; fileRef = 70A92CCE28EF0C09004D5419 /* UISegmentedControl+Extensions.swift */; };
		70D5560428F1652600FE9C83 /* Constants.swift in Sources */ = {isa = PBXBuildFile; fileRef = 70D5560328F1652600FE9C83 /* Constants.swift */; };
		70DB70E528F746D000710325 /* UserDefaultsManager.swift in Sources */ = {isa = PBXBuildFile; fileRef = 70DB70E428F746D000710325 /* UserDefaultsManager.swift */; };
		70ECB52128F03465002B2483 /* RoutineBrain.swift in Sources */ = {isa = PBXBuildFile; fileRef = 70ECB52028F03465002B2483 /* RoutineBrain.swift */; };
		70F06B6128F0C82000CCBB8A /* CustomCell.xib in Resources */ = {isa = PBXBuildFile; fileRef = 70F06B6028F0C82000CCBB8A /* CustomCell.xib */; };
		70F06B6328F0C89700CCBB8A /* CustomCell.swift in Sources */ = {isa = PBXBuildFile; fileRef = 70F06B6228F0C89700CCBB8A /* CustomCell.swift */; };
/* End PBXBuildFile section */

/* Begin PBXFileReference section */
		70042FA528F5E46C00E3AB49 /* UIButton+Extensions.swift */ = {isa = PBXFileReference; lastKnownFileType = sourcecode.swift; path = "UIButton+Extensions.swift"; sourceTree = "<group>"; };
		7009E518292801B400FC0509 /* UIViewController+Extensions.swift */ = {isa = PBXFileReference; lastKnownFileType = sourcecode.swift; path = "UIViewController+Extensions.swift"; sourceTree = "<group>"; };
		702BA40428EE105800BB7EDB /* AddViewController.swift */ = {isa = PBXFileReference; lastKnownFileType = sourcecode.swift; path = AddViewController.swift; sourceTree = "<group>"; };
		70507EEA293969C200BBC6B9 /* UIImage+Extensions.swift */ = {isa = PBXFileReference; lastKnownFileType = sourcecode.swift; path = "UIImage+Extensions.swift"; sourceTree = "<group>"; };
		707168B628EE0C7B008B1D69 /* Week Routine.app */ = {isa = PBXFileReference; explicitFileType = wrapper.application; includeInIndex = 0; path = "Week Routine.app"; sourceTree = BUILT_PRODUCTS_DIR; };
		707168B928EE0C7B008B1D69 /* AppDelegate.swift */ = {isa = PBXFileReference; lastKnownFileType = sourcecode.swift; path = AppDelegate.swift; sourceTree = "<group>"; };
		707168BB28EE0C7B008B1D69 /* SceneDelegate.swift */ = {isa = PBXFileReference; lastKnownFileType = sourcecode.swift; path = SceneDelegate.swift; sourceTree = "<group>"; };
		707168BD28EE0C7B008B1D69 /* ViewController.swift */ = {isa = PBXFileReference; lastKnownFileType = sourcecode.swift; path = ViewController.swift; sourceTree = "<group>"; };
		707168C328EE0C7B008B1D69 /* Week_Routine.xcdatamodel */ = {isa = PBXFileReference; lastKnownFileType = wrapper.xcdatamodel; path = Week_Routine.xcdatamodel; sourceTree = "<group>"; };
		707168C528EE0C7E008B1D69 /* Assets.xcassets */ = {isa = PBXFileReference; lastKnownFileType = folder.assetcatalog; path = Assets.xcassets; sourceTree = "<group>"; };
		707168C828EE0C7E008B1D69 /* Base */ = {isa = PBXFileReference; lastKnownFileType = file.storyboard; name = Base; path = Base.lproj/LaunchScreen.storyboard; sourceTree = "<group>"; };
		707168CA28EE0C7E008B1D69 /* Info.plist */ = {isa = PBXFileReference; lastKnownFileType = text.plist.xml; path = Info.plist; sourceTree = "<group>"; };
		707A5D1E293A6B0D00D7D19A /* UIContextualAction+Extensions.swift */ = {isa = PBXFileReference; lastKnownFileType = sourcecode.swift; path = "UIContextualAction+Extensions.swift"; sourceTree = "<group>"; };
		707A5D20293A862500D7D19A /* TableViewPlaceholderView.swift */ = {isa = PBXFileReference; lastKnownFileType = sourcecode.swift; path = TableViewPlaceholderView.swift; sourceTree = "<group>"; };
		70A92CC828EEE3C5004D5419 /* UIColor+HexValue.swift */ = {isa = PBXFileReference; lastKnownFileType = sourcecode.swift; path = "UIColor+HexValue.swift"; sourceTree = "<group>"; };
		70A92CCA28EEE50C004D5419 /* UITextField+Extensions.swift */ = {isa = PBXFileReference; lastKnownFileType = sourcecode.swift; path = "UITextField+Extensions.swift"; sourceTree = "<group>"; };
		70A92CCC28EF09AE004D5419 /* SettingsViewController.swift */ = {isa = PBXFileReference; lastKnownFileType = sourcecode.swift; path = SettingsViewController.swift; sourceTree = "<group>"; };
		70A92CCE28EF0C09004D5419 /* UISegmentedControl+Extensions.swift */ = {isa = PBXFileReference; lastKnownFileType = sourcecode.swift; path = "UISegmentedControl+Extensions.swift"; sourceTree = "<group>"; };
		70D5560328F1652600FE9C83 /* Constants.swift */ = {isa = PBXFileReference; lastKnownFileType = sourcecode.swift; path = Constants.swift; sourceTree = "<group>"; };
		70DB70E428F746D000710325 /* UserDefaultsManager.swift */ = {isa = PBXFileReference; lastKnownFileType = sourcecode.swift; path = UserDefaultsManager.swift; sourceTree = "<group>"; };
		70ECB52028F03465002B2483 /* RoutineBrain.swift */ = {isa = PBXFileReference; lastKnownFileType = sourcecode.swift; path = RoutineBrain.swift; sourceTree = "<group>"; };
		70F06B6028F0C82000CCBB8A /* CustomCell.xib */ = {isa = PBXFileReference; lastKnownFileType = file.xib; path = CustomCell.xib; sourceTree = "<group>"; };
		70F06B6228F0C89700CCBB8A /* CustomCell.swift */ = {isa = PBXFileReference; lastKnownFileType = sourcecode.swift; path = CustomCell.swift; sourceTree = "<group>"; };
/* End PBXFileReference section */

/* Begin PBXFrameworksBuildPhase section */
		707168B328EE0C7B008B1D69 /* Frameworks */ = {
			isa = PBXFrameworksBuildPhase;
			buildActionMask = 2147483647;
			files = (
			);
			runOnlyForDeploymentPostprocessing = 0;
		};
/* End PBXFrameworksBuildPhase section */

/* Begin PBXGroup section */
		707168AD28EE0C7B008B1D69 = {
			isa = PBXGroup;
			children = (
				707168B828EE0C7B008B1D69 /* Week Routine */,
				707168B728EE0C7B008B1D69 /* Products */,
			);
			sourceTree = "<group>";
		};
		707168B728EE0C7B008B1D69 /* Products */ = {
			isa = PBXGroup;
			children = (
				707168B628EE0C7B008B1D69 /* Week Routine.app */,
			);
			name = Products;
			sourceTree = "<group>";
		};
		707168B828EE0C7B008B1D69 /* Week Routine */ = {
			isa = PBXGroup;
			children = (
				707168D128EE0D90008B1D69 /* Files */,
				70A92CC728EEE38A004D5419 /* Extensions */,
				70D5560328F1652600FE9C83 /* Constants.swift */,
				707168D228EE0DA5008B1D69 /* Model */,
				707168D328EE0DAA008B1D69 /* View */,
				707168D428EE0DAE008B1D69 /* Controller */,
			);
			path = "Week Routine";
			sourceTree = "<group>";
		};
		707168D128EE0D90008B1D69 /* Files */ = {
			isa = PBXGroup;
			children = (
				707168B928EE0C7B008B1D69 /* AppDelegate.swift */,
				707168BB28EE0C7B008B1D69 /* SceneDelegate.swift */,
				707168C728EE0C7E008B1D69 /* LaunchScreen.storyboard */,
				707168CA28EE0C7E008B1D69 /* Info.plist */,
				707168C528EE0C7E008B1D69 /* Assets.xcassets */,
			);
			name = Files;
			sourceTree = "<group>";
		};
		707168D228EE0DA5008B1D69 /* Model */ = {
			isa = PBXGroup;
			children = (
				70ECB52028F03465002B2483 /* RoutineBrain.swift */,
				707168C228EE0C7B008B1D69 /* Week_Routine.xcdatamodeld */,
				70DB70E428F746D000710325 /* UserDefaultsManager.swift */,
			);
			name = Model;
			sourceTree = "<group>";
		};
		707168D328EE0DAA008B1D69 /* View */ = {
			isa = PBXGroup;
			children = (
				70F06B6028F0C82000CCBB8A /* CustomCell.xib */,
				70F06B6228F0C89700CCBB8A /* CustomCell.swift */,
				707A5D20293A862500D7D19A /* TableViewPlaceholderView.swift */,
			);
			name = View;
			sourceTree = "<group>";
		};
		707168D428EE0DAE008B1D69 /* Controller */ = {
			isa = PBXGroup;
			children = (
				707168BD28EE0C7B008B1D69 /* ViewController.swift */,
				702BA40428EE105800BB7EDB /* AddViewController.swift */,
				70A92CCC28EF09AE004D5419 /* SettingsViewController.swift */,
			);
			name = Controller;
			sourceTree = "<group>";
		};
		70A92CC728EEE38A004D5419 /* Extensions */ = {
			isa = PBXGroup;
			children = (
				70A92CC828EEE3C5004D5419 /* UIColor+HexValue.swift */,
				70A92CCA28EEE50C004D5419 /* UITextField+Extensions.swift */,
				70A92CCE28EF0C09004D5419 /* UISegmentedControl+Extensions.swift */,
				70042FA528F5E46C00E3AB49 /* UIButton+Extensions.swift */,
				7009E518292801B400FC0509 /* UIViewController+Extensions.swift */,
				70507EEA293969C200BBC6B9 /* UIImage+Extensions.swift */,
				707A5D1E293A6B0D00D7D19A /* UIContextualAction+Extensions.swift */,
			);
			name = Extensions;
			sourceTree = "<group>";
		};
/* End PBXGroup section */

/* Begin PBXNativeTarget section */
		707168B528EE0C7B008B1D69 /* Week Routine */ = {
			isa = PBXNativeTarget;
			buildConfigurationList = 707168CD28EE0C7E008B1D69 /* Build configuration list for PBXNativeTarget "Week Routine" */;
			buildPhases = (
				707168B228EE0C7B008B1D69 /* Sources */,
				707168B328EE0C7B008B1D69 /* Frameworks */,
				707168B428EE0C7B008B1D69 /* Resources */,
			);
			buildRules = (
			);
			dependencies = (
			);
			name = "Week Routine";
			productName = "Week Routine";
			productReference = 707168B628EE0C7B008B1D69 /* Week Routine.app */;
			productType = "com.apple.product-type.application";
		};
/* End PBXNativeTarget section */

/* Begin PBXProject section */
		707168AE28EE0C7B008B1D69 /* Project object */ = {
			isa = PBXProject;
			attributes = {
				BuildIndependentTargetsInParallel = 1;
				LastSwiftUpdateCheck = 1340;
				LastUpgradeCheck = 1340;
				TargetAttributes = {
					707168B528EE0C7B008B1D69 = {
						CreatedOnToolsVersion = 13.4.1;
					};
				};
			};
			buildConfigurationList = 707168B128EE0C7B008B1D69 /* Build configuration list for PBXProject "Week Routine" */;
			compatibilityVersion = "Xcode 13.0";
			developmentRegion = en;
			hasScannedForEncodings = 0;
			knownRegions = (
				en,
				Base,
			);
			mainGroup = 707168AD28EE0C7B008B1D69;
			productRefGroup = 707168B728EE0C7B008B1D69 /* Products */;
			projectDirPath = "";
			projectRoot = "";
			targets = (
				707168B528EE0C7B008B1D69 /* Week Routine */,
			);
		};
/* End PBXProject section */

/* Begin PBXResourcesBuildPhase section */
		707168B428EE0C7B008B1D69 /* Resources */ = {
			isa = PBXResourcesBuildPhase;
			buildActionMask = 2147483647;
			files = (
				70F06B6128F0C82000CCBB8A /* CustomCell.xib in Resources */,
				707168C928EE0C7E008B1D69 /* LaunchScreen.storyboard in Resources */,
				707168C628EE0C7E008B1D69 /* Assets.xcassets in Resources */,
			);
			runOnlyForDeploymentPostprocessing = 0;
		};
/* End PBXResourcesBuildPhase section */

/* Begin PBXSourcesBuildPhase section */
		707168B228EE0C7B008B1D69 /* Sources */ = {
			isa = PBXSourcesBuildPhase;
			buildActionMask = 2147483647;
			files = (
				707168BE28EE0C7B008B1D69 /* ViewController.swift in Sources */,
				707168BA28EE0C7B008B1D69 /* AppDelegate.swift in Sources */,
				70A92CCF28EF0C09004D5419 /* UISegmentedControl+Extensions.swift in Sources */,
				70A92CC928EEE3C5004D5419 /* UIColor+HexValue.swift in Sources */,
				707168C428EE0C7B008B1D69 /* Week_Routine.xcdatamodeld in Sources */,
				707168BC28EE0C7B008B1D69 /* SceneDelegate.swift in Sources */,
				70ECB52128F03465002B2483 /* RoutineBrain.swift in Sources */,
				7009E519292801B400FC0509 /* UIViewController+Extensions.swift in Sources */,
				70A92CCB28EEE50C004D5419 /* UITextField+Extensions.swift in Sources */,
				702BA40528EE105800BB7EDB /* AddViewController.swift in Sources */,
				70F06B6328F0C89700CCBB8A /* CustomCell.swift in Sources */,
				70DB70E528F746D000710325 /* UserDefaultsManager.swift in Sources */,
				707A5D21293A862500D7D19A /* TableViewPlaceholderView.swift in Sources */,
				70A92CCD28EF09AE004D5419 /* SettingsViewController.swift in Sources */,
				70D5560428F1652600FE9C83 /* Constants.swift in Sources */,
				707A5D1F293A6B0D00D7D19A /* UIContextualAction+Extensions.swift in Sources */,
				70042FA628F5E46C00E3AB49 /* UIButton+Extensions.swift in Sources */,
				70507EEB293969C200BBC6B9 /* UIImage+Extensions.swift in Sources */,
			);
			runOnlyForDeploymentPostprocessing = 0;
		};
/* End PBXSourcesBuildPhase section */

/* Begin PBXVariantGroup section */
		707168C728EE0C7E008B1D69 /* LaunchScreen.storyboard */ = {
			isa = PBXVariantGroup;
			children = (
				707168C828EE0C7E008B1D69 /* Base */,
			);
			name = LaunchScreen.storyboard;
			sourceTree = "<group>";
		};
/* End PBXVariantGroup section */

/* Begin XCBuildConfiguration section */
		707168CB28EE0C7E008B1D69 /* Debug */ = {
			isa = XCBuildConfiguration;
			buildSettings = {
				ALWAYS_SEARCH_USER_PATHS = NO;
				CLANG_ANALYZER_NONNULL = YES;
				CLANG_ANALYZER_NUMBER_OBJECT_CONVERSION = YES_AGGRESSIVE;
				CLANG_CXX_LANGUAGE_STANDARD = "gnu++17";
				CLANG_ENABLE_MODULES = YES;
				CLANG_ENABLE_OBJC_ARC = YES;
				CLANG_ENABLE_OBJC_WEAK = YES;
				CLANG_WARN_BLOCK_CAPTURE_AUTORELEASING = YES;
				CLANG_WARN_BOOL_CONVERSION = YES;
				CLANG_WARN_COMMA = YES;
				CLANG_WARN_CONSTANT_CONVERSION = YES;
				CLANG_WARN_DEPRECATED_OBJC_IMPLEMENTATIONS = YES;
				CLANG_WARN_DIRECT_OBJC_ISA_USAGE = YES_ERROR;
				CLANG_WARN_DOCUMENTATION_COMMENTS = YES;
				CLANG_WARN_EMPTY_BODY = YES;
				CLANG_WARN_ENUM_CONVERSION = YES;
				CLANG_WARN_INFINITE_RECURSION = YES;
				CLANG_WARN_INT_CONVERSION = YES;
				CLANG_WARN_NON_LITERAL_NULL_CONVERSION = YES;
				CLANG_WARN_OBJC_IMPLICIT_RETAIN_SELF = YES;
				CLANG_WARN_OBJC_LITERAL_CONVERSION = YES;
				CLANG_WARN_OBJC_ROOT_CLASS = YES_ERROR;
				CLANG_WARN_QUOTED_INCLUDE_IN_FRAMEWORK_HEADER = YES;
				CLANG_WARN_RANGE_LOOP_ANALYSIS = YES;
				CLANG_WARN_STRICT_PROTOTYPES = YES;
				CLANG_WARN_SUSPICIOUS_MOVE = YES;
				CLANG_WARN_UNGUARDED_AVAILABILITY = YES_AGGRESSIVE;
				CLANG_WARN_UNREACHABLE_CODE = YES;
				CLANG_WARN__DUPLICATE_METHOD_MATCH = YES;
				COPY_PHASE_STRIP = NO;
				DEBUG_INFORMATION_FORMAT = dwarf;
				ENABLE_STRICT_OBJC_MSGSEND = YES;
				ENABLE_TESTABILITY = YES;
				GCC_C_LANGUAGE_STANDARD = gnu11;
				GCC_DYNAMIC_NO_PIC = NO;
				GCC_NO_COMMON_BLOCKS = YES;
				GCC_OPTIMIZATION_LEVEL = 0;
				GCC_PREPROCESSOR_DEFINITIONS = (
					"DEBUG=1",
					"$(inherited)",
				);
				GCC_WARN_64_TO_32_BIT_CONVERSION = YES;
				GCC_WARN_ABOUT_RETURN_TYPE = YES_ERROR;
				GCC_WARN_UNDECLARED_SELECTOR = YES;
				GCC_WARN_UNINITIALIZED_AUTOS = YES_AGGRESSIVE;
				GCC_WARN_UNUSED_FUNCTION = YES;
				GCC_WARN_UNUSED_VARIABLE = YES;
				IPHONEOS_DEPLOYMENT_TARGET = 13.0;
				MTL_ENABLE_DEBUG_INFO = INCLUDE_SOURCE;
				MTL_FAST_MATH = YES;
				ONLY_ACTIVE_ARCH = YES;
				SDKROOT = iphoneos;
				SWIFT_ACTIVE_COMPILATION_CONDITIONS = DEBUG;
				SWIFT_OPTIMIZATION_LEVEL = "-Onone";
			};
			name = Debug;
		};
		707168CC28EE0C7E008B1D69 /* Release */ = {
			isa = XCBuildConfiguration;
			buildSettings = {
				ALWAYS_SEARCH_USER_PATHS = NO;
				CLANG_ANALYZER_NONNULL = YES;
				CLANG_ANALYZER_NUMBER_OBJECT_CONVERSION = YES_AGGRESSIVE;
				CLANG_CXX_LANGUAGE_STANDARD = "gnu++17";
				CLANG_ENABLE_MODULES = YES;
				CLANG_ENABLE_OBJC_ARC = YES;
				CLANG_ENABLE_OBJC_WEAK = YES;
				CLANG_WARN_BLOCK_CAPTURE_AUTORELEASING = YES;
				CLANG_WARN_BOOL_CONVERSION = YES;
				CLANG_WARN_COMMA = YES;
				CLANG_WARN_CONSTANT_CONVERSION = YES;
				CLANG_WARN_DEPRECATED_OBJC_IMPLEMENTATIONS = YES;
				CLANG_WARN_DIRECT_OBJC_ISA_USAGE = YES_ERROR;
				CLANG_WARN_DOCUMENTATION_COMMENTS = YES;
				CLANG_WARN_EMPTY_BODY = YES;
				CLANG_WARN_ENUM_CONVERSION = YES;
				CLANG_WARN_INFINITE_RECURSION = YES;
				CLANG_WARN_INT_CONVERSION = YES;
				CLANG_WARN_NON_LITERAL_NULL_CONVERSION = YES;
				CLANG_WARN_OBJC_IMPLICIT_RETAIN_SELF = YES;
				CLANG_WARN_OBJC_LITERAL_CONVERSION = YES;
				CLANG_WARN_OBJC_ROOT_CLASS = YES_ERROR;
				CLANG_WARN_QUOTED_INCLUDE_IN_FRAMEWORK_HEADER = YES;
				CLANG_WARN_RANGE_LOOP_ANALYSIS = YES;
				CLANG_WARN_STRICT_PROTOTYPES = YES;
				CLANG_WARN_SUSPICIOUS_MOVE = YES;
				CLANG_WARN_UNGUARDED_AVAILABILITY = YES_AGGRESSIVE;
				CLANG_WARN_UNREACHABLE_CODE = YES;
				CLANG_WARN__DUPLICATE_METHOD_MATCH = YES;
				COPY_PHASE_STRIP = NO;
				DEBUG_INFORMATION_FORMAT = "dwarf-with-dsym";
				ENABLE_NS_ASSERTIONS = NO;
				ENABLE_STRICT_OBJC_MSGSEND = YES;
				GCC_C_LANGUAGE_STANDARD = gnu11;
				GCC_NO_COMMON_BLOCKS = YES;
				GCC_WARN_64_TO_32_BIT_CONVERSION = YES;
				GCC_WARN_ABOUT_RETURN_TYPE = YES_ERROR;
				GCC_WARN_UNDECLARED_SELECTOR = YES;
				GCC_WARN_UNINITIALIZED_AUTOS = YES_AGGRESSIVE;
				GCC_WARN_UNUSED_FUNCTION = YES;
				GCC_WARN_UNUSED_VARIABLE = YES;
				IPHONEOS_DEPLOYMENT_TARGET = 13.0;
				MTL_ENABLE_DEBUG_INFO = NO;
				MTL_FAST_MATH = YES;
				SDKROOT = iphoneos;
				SWIFT_COMPILATION_MODE = wholemodule;
				SWIFT_OPTIMIZATION_LEVEL = "-O";
				VALIDATE_PRODUCT = YES;
			};
			name = Release;
		};
		707168CE28EE0C7E008B1D69 /* Debug */ = {
			isa = XCBuildConfiguration;
			buildSettings = {
				ASSETCATALOG_COMPILER_APPICON_NAME = AppIcon;
				ASSETCATALOG_COMPILER_GLOBAL_ACCENT_COLOR_NAME = AccentColor;
				CODE_SIGN_STYLE = Automatic;
				CURRENT_PROJECT_VERSION = 1;
				DEVELOPMENT_TEAM = UA5J3LA7RU;
				GENERATE_INFOPLIST_FILE = YES;
				INFOPLIST_FILE = "Week Routine/Info.plist";
				INFOPLIST_KEY_UIApplicationSupportsIndirectInputEvents = YES;
				INFOPLIST_KEY_UILaunchStoryboardName = LaunchScreen;
				INFOPLIST_KEY_UISupportedInterfaceOrientations_iPad = "UIInterfaceOrientationPortrait UIInterfaceOrientationPortraitUpsideDown UIInterfaceOrientationLandscapeLeft UIInterfaceOrientationLandscapeRight";
				INFOPLIST_KEY_UISupportedInterfaceOrientations_iPhone = "UIInterfaceOrientationPortrait UIInterfaceOrientationLandscapeLeft UIInterfaceOrientationLandscapeRight";
				IPHONEOS_DEPLOYMENT_TARGET = 13.0;
				LD_RUNPATH_SEARCH_PATHS = (
					"$(inherited)",
					"@executable_path/Frameworks",
				);
				MARKETING_VERSION = 1.0;
				PRODUCT_BUNDLE_IDENTIFIER = "com.ibrahimuysal.Week-Routine";
				PRODUCT_NAME = "$(TARGET_NAME)";
				SWIFT_EMIT_LOC_STRINGS = YES;
				SWIFT_VERSION = 5.0;
				TARGETED_DEVICE_FAMILY = "1,2";
			};
			name = Debug;
		};
		707168CF28EE0C7E008B1D69 /* Release */ = {
			isa = XCBuildConfiguration;
			buildSettings = {
				ASSETCATALOG_COMPILER_APPICON_NAME = AppIcon;
				ASSETCATALOG_COMPILER_GLOBAL_ACCENT_COLOR_NAME = AccentColor;
				CODE_SIGN_STYLE = Automatic;
				CURRENT_PROJECT_VERSION = 1;
				DEVELOPMENT_TEAM = UA5J3LA7RU;
				GENERATE_INFOPLIST_FILE = YES;
				INFOPLIST_FILE = "Week Routine/Info.plist";
				INFOPLIST_KEY_UIApplicationSupportsIndirectInputEvents = YES;
				INFOPLIST_KEY_UILaunchStoryboardName = LaunchScreen;
				INFOPLIST_KEY_UISupportedInterfaceOrientations_iPad = "UIInterfaceOrientationPortrait UIInterfaceOrientationPortraitUpsideDown UIInterfaceOrientationLandscapeLeft UIInterfaceOrientationLandscapeRight";
				INFOPLIST_KEY_UISupportedInterfaceOrientations_iPhone = "UIInterfaceOrientationPortrait UIInterfaceOrientationLandscapeLeft UIInterfaceOrientationLandscapeRight";
				IPHONEOS_DEPLOYMENT_TARGET = 13.0;
				LD_RUNPATH_SEARCH_PATHS = (
					"$(inherited)",
					"@executable_path/Frameworks",
				);
				MARKETING_VERSION = 1.0;
				PRODUCT_BUNDLE_IDENTIFIER = "com.ibrahimuysal.Week-Routine";
				PRODUCT_NAME = "$(TARGET_NAME)";
				SWIFT_EMIT_LOC_STRINGS = YES;
				SWIFT_VERSION = 5.0;
				TARGETED_DEVICE_FAMILY = "1,2";
			};
			name = Release;
		};
/* End XCBuildConfiguration section */

/* Begin XCConfigurationList section */
		707168B128EE0C7B008B1D69 /* Build configuration list for PBXProject "Week Routine" */ = {
			isa = XCConfigurationList;
			buildConfigurations = (
				707168CB28EE0C7E008B1D69 /* Debug */,
				707168CC28EE0C7E008B1D69 /* Release */,
			);
			defaultConfigurationIsVisible = 0;
			defaultConfigurationName = Release;
		};
		707168CD28EE0C7E008B1D69 /* Build configuration list for PBXNativeTarget "Week Routine" */ = {
			isa = XCConfigurationList;
			buildConfigurations = (
				707168CE28EE0C7E008B1D69 /* Debug */,
				707168CF28EE0C7E008B1D69 /* Release */,
			);
			defaultConfigurationIsVisible = 0;
			defaultConfigurationName = Release;
		};
/* End XCConfigurationList section */

/* Begin XCVersionGroup section */
		707168C228EE0C7B008B1D69 /* Week_Routine.xcdatamodeld */ = {
			isa = XCVersionGroup;
			children = (
				707168C328EE0C7B008B1D69 /* Week_Routine.xcdatamodel */,
			);
			currentVersion = 707168C328EE0C7B008B1D69 /* Week_Routine.xcdatamodel */;
			path = Week_Routine.xcdatamodeld;
			sourceTree = "<group>";
			versionGroupType = wrapper.xcdatamodel;
		};
/* End XCVersionGroup section */
	};
	rootObject = 707168AE28EE0C7B008B1D69 /* Project object */;
}
