// !$*UTF8*$!
{
	archiveVersion = 1;
	classes = {
	};
	objectVersion = 55;
	objects = {

/* Begin PBXBuildFile section */
		70042FA628F5E46C00E3AB49 /* UIButton+Extensions.swift in Sources */ = {isa = PBXBuildFile; fileRef = 70042FA528F5E46C00E3AB49 /* UIButton+Extensions.swift */; };
		70208F052B98DDA200D6E8D0 /* Lottie in Frameworks */ = {isa = PBXBuildFile; productRef = 70208F042B98DDA200D6E8D0 /* Lottie */; };
		70208F072B98DDCB00D6E8D0 /* CelebrationAnimationView.swift in Sources */ = {isa = PBXBuildFile; fileRef = 70208F062B98DDCB00D6E8D0 /* CelebrationAnimationView.swift */; };
		702BA40528EE105800BB7EDB /* AddEditController.swift in Sources */ = {isa = PBXBuildFile; fileRef = 702BA40428EE105800BB7EDB /* AddEditController.swift */; };
		70507EEB293969C200BBC6B9 /* UIImage+Extensions.swift in Sources */ = {isa = PBXBuildFile; fileRef = 70507EEA293969C200BBC6B9 /* UIImage+Extensions.swift */; };
		7051A4BF2BA0C79900879420 /* redBalloon.json in Resources */ = {isa = PBXBuildFile; fileRef = 7051A4BE2BA0C79800879420 /* redBalloon.json */; };
		7051A4C12BA0CB8F00879420 /* orangeBalloon.json in Resources */ = {isa = PBXBuildFile; fileRef = 7051A4C02BA0CB8F00879420 /* orangeBalloon.json */; };
		7051A4C32BA0CB9500879420 /* yellowBalloon.json in Resources */ = {isa = PBXBuildFile; fileRef = 7051A4C22BA0CB9500879420 /* yellowBalloon.json */; };
		7051A4C52BA0CBA500879420 /* greenBalloon.json in Resources */ = {isa = PBXBuildFile; fileRef = 7051A4C42BA0CBA500879420 /* greenBalloon.json */; };
		7051A4C72BA0CBAC00879420 /* blueBalloon.json in Resources */ = {isa = PBXBuildFile; fileRef = 7051A4C62BA0CBAC00879420 /* blueBalloon.json */; };
		7051A4C92BA0CBB200879420 /* purpleBalloon.json in Resources */ = {isa = PBXBuildFile; fileRef = 7051A4C82BA0CBB200879420 /* purpleBalloon.json */; };
		7051A4CB2BA0CC9300879420 /* blackBalloon.json in Resources */ = {isa = PBXBuildFile; fileRef = 7051A4CA2BA0CC9200879420 /* blackBalloon.json */; };
		7051A4CD2BA0CC9900879420 /* whiteBalloon.json in Resources */ = {isa = PBXBuildFile; fileRef = 7051A4CC2BA0CC9800879420 /* whiteBalloon.json */; };
		7052219F29F55FE90010D327 /* RoutineCell.swift in Sources */ = {isa = PBXBuildFile; fileRef = 7052219E29F55FE90010D327 /* RoutineCell.swift */; };
		705221A129F561930010D327 /* Factories.swift in Sources */ = {isa = PBXBuildFile; fileRef = 705221A029F561930010D327 /* Factories.swift */; };
		705221A329F57A170010D327 /* UIViewController+Extensions.swift in Sources */ = {isa = PBXBuildFile; fileRef = 705221A229F57A170010D327 /* UIViewController+Extensions.swift */; };
		7061EF982C6574220032A5F0 /* FrozenController.swift in Sources */ = {isa = PBXBuildFile; fileRef = 7061EF972C6574220032A5F0 /* FrozenController.swift */; };
		706D66D32A34942E003BE508 /* FilterCell.swift in Sources */ = {isa = PBXBuildFile; fileRef = 706D66D22A34942E003BE508 /* FilterCell.swift */; };
		706D66D52A349440003BE508 /* FilterView.swift in Sources */ = {isa = PBXBuildFile; fileRef = 706D66D42A349440003BE508 /* FilterView.swift */; };
		706D66D92A353270003BE508 /* CustomPickerView.swift in Sources */ = {isa = PBXBuildFile; fileRef = 706D66D82A353270003BE508 /* CustomPickerView.swift */; };
		706D66E12A386114003BE508 /* NotificationManager.swift in Sources */ = {isa = PBXBuildFile; fileRef = 706D66E02A386114003BE508 /* NotificationManager.swift */; };
		706D66E32A3882AB003BE508 /* LogHeader.swift in Sources */ = {isa = PBXBuildFile; fileRef = 706D66E22A3882AB003BE508 /* LogHeader.swift */; };
		707168BA28EE0C7B008B1D69 /* AppDelegate.swift in Sources */ = {isa = PBXBuildFile; fileRef = 707168B928EE0C7B008B1D69 /* AppDelegate.swift */; };
		707168BC28EE0C7B008B1D69 /* SceneDelegate.swift in Sources */ = {isa = PBXBuildFile; fileRef = 707168BB28EE0C7B008B1D69 /* SceneDelegate.swift */; };
		707168BE28EE0C7B008B1D69 /* RoutineController.swift in Sources */ = {isa = PBXBuildFile; fileRef = 707168BD28EE0C7B008B1D69 /* RoutineController.swift */; };
		707168C428EE0C7B008B1D69 /* Week_Routine.xcdatamodeld in Sources */ = {isa = PBXBuildFile; fileRef = 707168C228EE0C7B008B1D69 /* Week_Routine.xcdatamodeld */; };
		707168C628EE0C7E008B1D69 /* Assets.xcassets in Resources */ = {isa = PBXBuildFile; fileRef = 707168C528EE0C7E008B1D69 /* Assets.xcassets */; };
		707168C928EE0C7E008B1D69 /* LaunchScreen.storyboard in Resources */ = {isa = PBXBuildFile; fileRef = 707168C728EE0C7E008B1D69 /* LaunchScreen.storyboard */; };
		707A5D1F293A6B0D00D7D19A /* UIContextualAction+Extensions.swift in Sources */ = {isa = PBXBuildFile; fileRef = 707A5D1E293A6B0D00D7D19A /* UIContextualAction+Extensions.swift */; };
		707A5D21293A862500D7D19A /* PlaceholderView.swift in Sources */ = {isa = PBXBuildFile; fileRef = 707A5D20293A862500D7D19A /* PlaceholderView.swift */; };
		70A76A4E29FEACF4003D72D6 /* Log+CoreDataClass.swift in Sources */ = {isa = PBXBuildFile; fileRef = 70A76A4A29FEACF4003D72D6 /* Log+CoreDataClass.swift */; };
		70A76A4F29FEACF4003D72D6 /* Log+CoreDataProperties.swift in Sources */ = {isa = PBXBuildFile; fileRef = 70A76A4B29FEACF4003D72D6 /* Log+CoreDataProperties.swift */; };
		70A76A5029FEACF4003D72D6 /* Routine+CoreDataClass.swift in Sources */ = {isa = PBXBuildFile; fileRef = 70A76A4C29FEACF4003D72D6 /* Routine+CoreDataClass.swift */; };
		70A76A5129FEACF4003D72D6 /* Routine+CoreDataProperties.swift in Sources */ = {isa = PBXBuildFile; fileRef = 70A76A4D29FEACF4003D72D6 /* Routine+CoreDataProperties.swift */; };
		70A76A5329FEB0C4003D72D6 /* LogController.swift in Sources */ = {isa = PBXBuildFile; fileRef = 70A76A5229FEB0C4003D72D6 /* LogController.swift */; };
		70A76A5529FEB69C003D72D6 /* LogCell.swift in Sources */ = {isa = PBXBuildFile; fileRef = 70A76A5429FEB69C003D72D6 /* LogCell.swift */; };
		70A92CC928EEE3C5004D5419 /* UIColor+HexValue.swift in Sources */ = {isa = PBXBuildFile; fileRef = 70A92CC828EEE3C5004D5419 /* UIColor+HexValue.swift */; };
		70A92CCB28EEE50C004D5419 /* UITextField+Extensions.swift in Sources */ = {isa = PBXBuildFile; fileRef = 70A92CCA28EEE50C004D5419 /* UITextField+Extensions.swift */; };
		70A92CCF28EF0C09004D5419 /* UISegmentedControl+Extensions.swift in Sources */ = {isa = PBXBuildFile; fileRef = 70A92CCE28EF0C09004D5419 /* UISegmentedControl+Extensions.swift */; };
		70B416652A394355009389F5 /* Player.swift in Sources */ = {isa = PBXBuildFile; fileRef = 70B416642A394355009389F5 /* Player.swift */; };
		70B416672A3A734F009389F5 /* RoutineFooter.swift in Sources */ = {isa = PBXBuildFile; fileRef = 70B416662A3A734F009389F5 /* RoutineFooter.swift */; };
		70C38BF4294A120100961BBB /* Date+Extensions.swift in Sources */ = {isa = PBXBuildFile; fileRef = 70C38BF3294A120100961BBB /* Date+Extensions.swift */; };
		70D5560428F1652600FE9C83 /* Constants.swift in Sources */ = {isa = PBXBuildFile; fileRef = 70D5560328F1652600FE9C83 /* Constants.swift */; };
		70DAB4B729F1A71500957643 /* UIView+Extensions.swift in Sources */ = {isa = PBXBuildFile; fileRef = 70DAB4B629F1A71500957643 /* UIView+Extensions.swift */; };
		70EADD502C62821500D9CAED /* CoreDataManager.swift in Sources */ = {isa = PBXBuildFile; fileRef = 70EADD4F2C62821500D9CAED /* CoreDataManager.swift */; };
		70ECB52128F03465002B2483 /* RoutineBrain.swift in Sources */ = {isa = PBXBuildFile; fileRef = 70ECB52028F03465002B2483 /* RoutineBrain.swift */; };
		70F9D4B52A392E4300D659EC /* Cardinal.m4a in Resources */ = {isa = PBXBuildFile; fileRef = 70F9D4AE2A392E4100D659EC /* Cardinal.m4a */; };
		70F9D4B72A392E4300D659EC /* Train.m4a in Resources */ = {isa = PBXBuildFile; fileRef = 70F9D4B02A392E4200D659EC /* Train.m4a */; };
		70F9D4B82A392E4300D659EC /* Divinity.m4a in Resources */ = {isa = PBXBuildFile; fileRef = 70F9D4B12A392E4200D659EC /* Divinity.m4a */; };
		70F9D4B92A392E4300D659EC /* Piouh.m4a in Resources */ = {isa = PBXBuildFile; fileRef = 70F9D4B22A392E4200D659EC /* Piouh.m4a */; };
		70F9D4BB2A392E4300D659EC /* Multiverse.m4a in Resources */ = {isa = PBXBuildFile; fileRef = 70F9D4B42A392E4300D659EC /* Multiverse.m4a */; };
/* End PBXBuildFile section */

/* Begin PBXFileReference section */
		70042FA528F5E46C00E3AB49 /* UIButton+Extensions.swift */ = {isa = PBXFileReference; lastKnownFileType = sourcecode.swift; path = "UIButton+Extensions.swift"; sourceTree = "<group>"; };
		70208F062B98DDCB00D6E8D0 /* CelebrationAnimationView.swift */ = {isa = PBXFileReference; lastKnownFileType = sourcecode.swift; path = CelebrationAnimationView.swift; sourceTree = "<group>"; };
		702BA40428EE105800BB7EDB /* AddEditController.swift */ = {isa = PBXFileReference; lastKnownFileType = sourcecode.swift; path = AddEditController.swift; sourceTree = "<group>"; };
		703E5A602A19A6E500496771 /* Week Routine.entitlements */ = {isa = PBXFileReference; lastKnownFileType = text.plist.entitlements; path = "Week Routine.entitlements"; sourceTree = "<group>"; };
		70507EEA293969C200BBC6B9 /* UIImage+Extensions.swift */ = {isa = PBXFileReference; lastKnownFileType = sourcecode.swift; path = "UIImage+Extensions.swift"; sourceTree = "<group>"; };
		7051A4BE2BA0C79800879420 /* redBalloon.json */ = {isa = PBXFileReference; fileEncoding = 4; lastKnownFileType = text.json; path = redBalloon.json; sourceTree = "<group>"; };
		7051A4C02BA0CB8F00879420 /* orangeBalloon.json */ = {isa = PBXFileReference; fileEncoding = 4; lastKnownFileType = text.json; path = orangeBalloon.json; sourceTree = "<group>"; };
		7051A4C22BA0CB9500879420 /* yellowBalloon.json */ = {isa = PBXFileReference; fileEncoding = 4; lastKnownFileType = text.json; path = yellowBalloon.json; sourceTree = "<group>"; };
		7051A4C42BA0CBA500879420 /* greenBalloon.json */ = {isa = PBXFileReference; fileEncoding = 4; lastKnownFileType = text.json; path = greenBalloon.json; sourceTree = "<group>"; };
		7051A4C62BA0CBAC00879420 /* blueBalloon.json */ = {isa = PBXFileReference; fileEncoding = 4; lastKnownFileType = text.json; path = blueBalloon.json; sourceTree = "<group>"; };
		7051A4C82BA0CBB200879420 /* purpleBalloon.json */ = {isa = PBXFileReference; fileEncoding = 4; lastKnownFileType = text.json; path = purpleBalloon.json; sourceTree = "<group>"; };
		7051A4CA2BA0CC9200879420 /* blackBalloon.json */ = {isa = PBXFileReference; fileEncoding = 4; lastKnownFileType = text.json; path = blackBalloon.json; sourceTree = "<group>"; };
		7051A4CC2BA0CC9800879420 /* whiteBalloon.json */ = {isa = PBXFileReference; fileEncoding = 4; lastKnownFileType = text.json; path = whiteBalloon.json; sourceTree = "<group>"; };
		7052219E29F55FE90010D327 /* RoutineCell.swift */ = {isa = PBXFileReference; lastKnownFileType = sourcecode.swift; path = RoutineCell.swift; sourceTree = "<group>"; };
		705221A029F561930010D327 /* Factories.swift */ = {isa = PBXFileReference; lastKnownFileType = sourcecode.swift; path = Factories.swift; sourceTree = "<group>"; };
		705221A229F57A170010D327 /* UIViewController+Extensions.swift */ = {isa = PBXFileReference; lastKnownFileType = sourcecode.swift; path = "UIViewController+Extensions.swift"; sourceTree = "<group>"; };
		7061EF972C6574220032A5F0 /* FrozenController.swift */ = {isa = PBXFileReference; lastKnownFileType = sourcecode.swift; path = FrozenController.swift; sourceTree = "<group>"; };
		706D66D22A34942E003BE508 /* FilterCell.swift */ = {isa = PBXFileReference; lastKnownFileType = sourcecode.swift; path = FilterCell.swift; sourceTree = "<group>"; };
		706D66D42A349440003BE508 /* FilterView.swift */ = {isa = PBXFileReference; lastKnownFileType = sourcecode.swift; path = FilterView.swift; sourceTree = "<group>"; };
		706D66D82A353270003BE508 /* CustomPickerView.swift */ = {isa = PBXFileReference; lastKnownFileType = sourcecode.swift; path = CustomPickerView.swift; sourceTree = "<group>"; };
		706D66E02A386114003BE508 /* NotificationManager.swift */ = {isa = PBXFileReference; lastKnownFileType = sourcecode.swift; path = NotificationManager.swift; sourceTree = "<group>"; };
		706D66E22A3882AB003BE508 /* LogHeader.swift */ = {isa = PBXFileReference; lastKnownFileType = sourcecode.swift; path = LogHeader.swift; sourceTree = "<group>"; };
		707168B628EE0C7B008B1D69 /* Week Routine.app */ = {isa = PBXFileReference; explicitFileType = wrapper.application; includeInIndex = 0; path = "Week Routine.app"; sourceTree = BUILT_PRODUCTS_DIR; };
		707168B928EE0C7B008B1D69 /* AppDelegate.swift */ = {isa = PBXFileReference; lastKnownFileType = sourcecode.swift; path = AppDelegate.swift; sourceTree = "<group>"; };
		707168BB28EE0C7B008B1D69 /* SceneDelegate.swift */ = {isa = PBXFileReference; lastKnownFileType = sourcecode.swift; path = SceneDelegate.swift; sourceTree = "<group>"; };
		707168BD28EE0C7B008B1D69 /* RoutineController.swift */ = {isa = PBXFileReference; lastKnownFileType = sourcecode.swift; path = RoutineController.swift; sourceTree = "<group>"; };
		707168C328EE0C7B008B1D69 /* Week_Routine.xcdatamodel */ = {isa = PBXFileReference; lastKnownFileType = wrapper.xcdatamodel; path = Week_Routine.xcdatamodel; sourceTree = "<group>"; };
		707168C528EE0C7E008B1D69 /* Assets.xcassets */ = {isa = PBXFileReference; lastKnownFileType = folder.assetcatalog; path = Assets.xcassets; sourceTree = "<group>"; };
		707168C828EE0C7E008B1D69 /* Base */ = {isa = PBXFileReference; lastKnownFileType = file.storyboard; name = Base; path = Base.lproj/LaunchScreen.storyboard; sourceTree = "<group>"; };
		707168CA28EE0C7E008B1D69 /* Info.plist */ = {isa = PBXFileReference; lastKnownFileType = text.plist.xml; path = Info.plist; sourceTree = "<group>"; };
		707A5D1E293A6B0D00D7D19A /* UIContextualAction+Extensions.swift */ = {isa = PBXFileReference; lastKnownFileType = sourcecode.swift; path = "UIContextualAction+Extensions.swift"; sourceTree = "<group>"; };
		707A5D20293A862500D7D19A /* PlaceholderView.swift */ = {isa = PBXFileReference; lastKnownFileType = sourcecode.swift; path = PlaceholderView.swift; sourceTree = "<group>"; };
		70A76A4A29FEACF4003D72D6 /* Log+CoreDataClass.swift */ = {isa = PBXFileReference; lastKnownFileType = sourcecode.swift; path = "Log+CoreDataClass.swift"; sourceTree = "<group>"; };
		70A76A4B29FEACF4003D72D6 /* Log+CoreDataProperties.swift */ = {isa = PBXFileReference; lastKnownFileType = sourcecode.swift; path = "Log+CoreDataProperties.swift"; sourceTree = "<group>"; };
		70A76A4C29FEACF4003D72D6 /* Routine+CoreDataClass.swift */ = {isa = PBXFileReference; lastKnownFileType = sourcecode.swift; path = "Routine+CoreDataClass.swift"; sourceTree = "<group>"; };
		70A76A4D29FEACF4003D72D6 /* Routine+CoreDataProperties.swift */ = {isa = PBXFileReference; lastKnownFileType = sourcecode.swift; path = "Routine+CoreDataProperties.swift"; sourceTree = "<group>"; };
		70A76A5229FEB0C4003D72D6 /* LogController.swift */ = {isa = PBXFileReference; lastKnownFileType = sourcecode.swift; path = LogController.swift; sourceTree = "<group>"; };
		70A76A5429FEB69C003D72D6 /* LogCell.swift */ = {isa = PBXFileReference; lastKnownFileType = sourcecode.swift; path = LogCell.swift; sourceTree = "<group>"; };
		70A92CC828EEE3C5004D5419 /* UIColor+HexValue.swift */ = {isa = PBXFileReference; lastKnownFileType = sourcecode.swift; path = "UIColor+HexValue.swift"; sourceTree = "<group>"; };
		70A92CCA28EEE50C004D5419 /* UITextField+Extensions.swift */ = {isa = PBXFileReference; lastKnownFileType = sourcecode.swift; path = "UITextField+Extensions.swift"; sourceTree = "<group>"; };
		70A92CCE28EF0C09004D5419 /* UISegmentedControl+Extensions.swift */ = {isa = PBXFileReference; lastKnownFileType = sourcecode.swift; path = "UISegmentedControl+Extensions.swift"; sourceTree = "<group>"; };
		70B416642A394355009389F5 /* Player.swift */ = {isa = PBXFileReference; lastKnownFileType = sourcecode.swift; path = Player.swift; sourceTree = "<group>"; };
		70B416662A3A734F009389F5 /* RoutineFooter.swift */ = {isa = PBXFileReference; lastKnownFileType = sourcecode.swift; path = RoutineFooter.swift; sourceTree = "<group>"; };
		70C38BF3294A120100961BBB /* Date+Extensions.swift */ = {isa = PBXFileReference; lastKnownFileType = sourcecode.swift; path = "Date+Extensions.swift"; sourceTree = "<group>"; };
		70D5560328F1652600FE9C83 /* Constants.swift */ = {isa = PBXFileReference; lastKnownFileType = sourcecode.swift; path = Constants.swift; sourceTree = "<group>"; };
		70DAB4B629F1A71500957643 /* UIView+Extensions.swift */ = {isa = PBXFileReference; lastKnownFileType = sourcecode.swift; path = "UIView+Extensions.swift"; sourceTree = "<group>"; };
		70EADD4F2C62821500D9CAED /* CoreDataManager.swift */ = {isa = PBXFileReference; lastKnownFileType = sourcecode.swift; path = CoreDataManager.swift; sourceTree = "<group>"; };
		70ECB52028F03465002B2483 /* RoutineBrain.swift */ = {isa = PBXFileReference; lastKnownFileType = sourcecode.swift; path = RoutineBrain.swift; sourceTree = "<group>"; };
		70F9D4AE2A392E4100D659EC /* Cardinal.m4a */ = {isa = PBXFileReference; lastKnownFileType = file; path = Cardinal.m4a; sourceTree = "<group>"; };
		70F9D4B02A392E4200D659EC /* Train.m4a */ = {isa = PBXFileReference; lastKnownFileType = file; path = Train.m4a; sourceTree = "<group>"; };
		70F9D4B12A392E4200D659EC /* Divinity.m4a */ = {isa = PBXFileReference; lastKnownFileType = file; path = Divinity.m4a; sourceTree = "<group>"; };
		70F9D4B22A392E4200D659EC /* Piouh.m4a */ = {isa = PBXFileReference; lastKnownFileType = file; path = Piouh.m4a; sourceTree = "<group>"; };
		70F9D4B42A392E4300D659EC /* Multiverse.m4a */ = {isa = PBXFileReference; lastKnownFileType = file; path = Multiverse.m4a; sourceTree = "<group>"; };
/* End PBXFileReference section */

/* Begin PBXFrameworksBuildPhase section */
		707168B328EE0C7B008B1D69 /* Frameworks */ = {
			isa = PBXFrameworksBuildPhase;
			buildActionMask = 2147483647;
			files = (
				70208F052B98DDA200D6E8D0 /* Lottie in Frameworks */,
			);
			runOnlyForDeploymentPostprocessing = 0;
		};
/* End PBXFrameworksBuildPhase section */

/* Begin PBXGroup section */
		70208F082B98DE2800D6E8D0 /* Animations */ = {
			isa = PBXGroup;
			children = (
				7051A4BE2BA0C79800879420 /* redBalloon.json */,
				7051A4C02BA0CB8F00879420 /* orangeBalloon.json */,
				7051A4C22BA0CB9500879420 /* yellowBalloon.json */,
				7051A4C42BA0CBA500879420 /* greenBalloon.json */,
				7051A4C62BA0CBAC00879420 /* blueBalloon.json */,
				7051A4C82BA0CBB200879420 /* purpleBalloon.json */,
				7051A4CA2BA0CC9200879420 /* blackBalloon.json */,
				7051A4CC2BA0CC9800879420 /* whiteBalloon.json */,
			);
			path = Animations;
			sourceTree = "<group>";
		};
		7052219729F55F720010D327 /* Model */ = {
			isa = PBXGroup;
			children = (
				70A76A4929FEAC06003D72D6 /* Core Data */,
				70ECB52028F03465002B2483 /* RoutineBrain.swift */,
			);
			path = Model;
			sourceTree = "<group>";
		};
		7052219829F55F770010D327 /* View */ = {
			isa = PBXGroup;
			children = (
				7052219E29F55FE90010D327 /* RoutineCell.swift */,
				70A76A5429FEB69C003D72D6 /* LogCell.swift */,
				706D66E22A3882AB003BE508 /* LogHeader.swift */,
				707A5D20293A862500D7D19A /* PlaceholderView.swift */,
				706D66D22A34942E003BE508 /* FilterCell.swift */,
				706D66D42A349440003BE508 /* FilterView.swift */,
				706D66D82A353270003BE508 /* CustomPickerView.swift */,
				70B416662A3A734F009389F5 /* RoutineFooter.swift */,
				70208F062B98DDCB00D6E8D0 /* CelebrationAnimationView.swift */,
			);
			path = View;
			sourceTree = "<group>";
		};
		7052219929F55F7E0010D327 /* Controller */ = {
			isa = PBXGroup;
			children = (
				707168BD28EE0C7B008B1D69 /* RoutineController.swift */,
				702BA40428EE105800BB7EDB /* AddEditController.swift */,
				70A76A5229FEB0C4003D72D6 /* LogController.swift */,
				7061EF972C6574220032A5F0 /* FrozenController.swift */,
			);
			path = Controller;
			sourceTree = "<group>";
		};
		7052219A29F55F850010D327 /* Extensions */ = {
			isa = PBXGroup;
			children = (
				705221A229F57A170010D327 /* UIViewController+Extensions.swift */,
				70DAB4B629F1A71500957643 /* UIView+Extensions.swift */,
				70A92CC828EEE3C5004D5419 /* UIColor+HexValue.swift */,
				70042FA528F5E46C00E3AB49 /* UIButton+Extensions.swift */,
				70507EEA293969C200BBC6B9 /* UIImage+Extensions.swift */,
				70A92CCA28EEE50C004D5419 /* UITextField+Extensions.swift */,
				70A92CCE28EF0C09004D5419 /* UISegmentedControl+Extensions.swift */,
				707A5D1E293A6B0D00D7D19A /* UIContextualAction+Extensions.swift */,
				70C38BF3294A120100961BBB /* Date+Extensions.swift */,
			);
			path = Extensions;
			sourceTree = "<group>";
		};
		7052219C29F55F940010D327 /* Files */ = {
			isa = PBXGroup;
			children = (
				707168B928EE0C7B008B1D69 /* AppDelegate.swift */,
				707168BB28EE0C7B008B1D69 /* SceneDelegate.swift */,
				703E5A602A19A6E500496771 /* Week Routine.entitlements */,
				707168C728EE0C7E008B1D69 /* LaunchScreen.storyboard */,
				707168CA28EE0C7E008B1D69 /* Info.plist */,
				707168C528EE0C7E008B1D69 /* Assets.xcassets */,
			);
			name = Files;
			sourceTree = "<group>";
		};
		7052219D29F55FD60010D327 /* Utils */ = {
			isa = PBXGroup;
			children = (
				70D5560328F1652600FE9C83 /* Constants.swift */,
				705221A029F561930010D327 /* Factories.swift */,
				70B416642A394355009389F5 /* Player.swift */,
				706D66E02A386114003BE508 /* NotificationManager.swift */,
				70EADD4F2C62821500D9CAED /* CoreDataManager.swift */,
			);
			path = Utils;
			sourceTree = "<group>";
		};
		707168AD28EE0C7B008B1D69 = {
			isa = PBXGroup;
			children = (
				707168B828EE0C7B008B1D69 /* Week Routine */,
				707168B728EE0C7B008B1D69 /* Products */,
			);
			sourceTree = "<group>";
		};
		707168B728EE0C7B008B1D69 /* Products */ = {
			isa = PBXGroup;
			children = (
				707168B628EE0C7B008B1D69 /* Week Routine.app */,
			);
			name = Products;
			sourceTree = "<group>";
		};
		707168B828EE0C7B008B1D69 /* Week Routine */ = {
			isa = PBXGroup;
			children = (
				70208F082B98DE2800D6E8D0 /* Animations */,
				70F9D49F2A392CB700D659EC /* Sounds */,
				7052219C29F55F940010D327 /* Files */,
				7052219A29F55F850010D327 /* Extensions */,
				7052219D29F55FD60010D327 /* Utils */,
				7052219729F55F720010D327 /* Model */,
				7052219829F55F770010D327 /* View */,
				7052219929F55F7E0010D327 /* Controller */,
			);
			path = "Week Routine";
			sourceTree = "<group>";
		};
		70A76A4929FEAC06003D72D6 /* Core Data */ = {
			isa = PBXGroup;
			children = (
				70A76A4C29FEACF4003D72D6 /* Routine+CoreDataClass.swift */,
				70A76A4D29FEACF4003D72D6 /* Routine+CoreDataProperties.swift */,
				70A76A4A29FEACF4003D72D6 /* Log+CoreDataClass.swift */,
				70A76A4B29FEACF4003D72D6 /* Log+CoreDataProperties.swift */,
				707168C228EE0C7B008B1D69 /* Week_Routine.xcdatamodeld */,
			);
			path = "Core Data";
			sourceTree = "<group>";
		};
		70F9D49F2A392CB700D659EC /* Sounds */ = {
			isa = PBXGroup;
			children = (
				70F9D4AE2A392E4100D659EC /* Cardinal.m4a */,
				70F9D4B12A392E4200D659EC /* Divinity.m4a */,
				70F9D4B42A392E4300D659EC /* Multiverse.m4a */,
				70F9D4B22A392E4200D659EC /* Piouh.m4a */,
				70F9D4B02A392E4200D659EC /* Train.m4a */,
			);
			path = Sounds;
			sourceTree = "<group>";
		};
/* End PBXGroup section */

/* Begin PBXNativeTarget section */
		707168B528EE0C7B008B1D69 /* Week Routine */ = {
			isa = PBXNativeTarget;
			buildConfigurationList = 707168CD28EE0C7E008B1D69 /* Build configuration list for PBXNativeTarget "Week Routine" */;
			buildPhases = (
				707168B228EE0C7B008B1D69 /* Sources */,
				707168B328EE0C7B008B1D69 /* Frameworks */,
				707168B428EE0C7B008B1D69 /* Resources */,
			);
			buildRules = (
			);
			dependencies = (
			);
			name = "Week Routine";
			packageProductDependencies = (
				70208F042B98DDA200D6E8D0 /* Lottie */,
			);
			productName = "Week Routine";
			productReference = 707168B628EE0C7B008B1D69 /* Week Routine.app */;
			productType = "com.apple.product-type.application";
		};
/* End PBXNativeTarget section */

/* Begin PBXProject section */
		707168AE28EE0C7B008B1D69 /* Project object */ = {
			isa = PBXProject;
			attributes = {
				BuildIndependentTargetsInParallel = 1;
				LastSwiftUpdateCheck = 1340;
				LastUpgradeCheck = 1340;
				TargetAttributes = {
					707168B528EE0C7B008B1D69 = {
						CreatedOnToolsVersion = 13.4.1;
					};
				};
			};
			buildConfigurationList = 707168B128EE0C7B008B1D69 /* Build configuration list for PBXProject "Week Routine" */;
			compatibilityVersion = "Xcode 13.0";
			developmentRegion = en;
			hasScannedForEncodings = 0;
			knownRegions = (
				en,
				Base,
			);
			mainGroup = 707168AD28EE0C7B008B1D69;
			packageReferences = (
				70208F032B98DDA200D6E8D0 /* XCRemoteSwiftPackageReference "lottie-ios" */,
			);
			productRefGroup = 707168B728EE0C7B008B1D69 /* Products */;
			projectDirPath = "";
			projectRoot = "";
			targets = (
				707168B528EE0C7B008B1D69 /* Week Routine */,
			);
		};
/* End PBXProject section */

/* Begin PBXResourcesBuildPhase section */
		707168B428EE0C7B008B1D69 /* Resources */ = {
			isa = PBXResourcesBuildPhase;
			buildActionMask = 2147483647;
			files = (
				707168C928EE0C7E008B1D69 /* LaunchScreen.storyboard in Resources */,
				7051A4C52BA0CBA500879420 /* greenBalloon.json in Resources */,
				7051A4BF2BA0C79900879420 /* redBalloon.json in Resources */,
				7051A4CB2BA0CC9300879420 /* blackBalloon.json in Resources */,
				70F9D4B92A392E4300D659EC /* Piouh.m4a in Resources */,
				70F9D4BB2A392E4300D659EC /* Multiverse.m4a in Resources */,
				70F9D4B72A392E4300D659EC /* Train.m4a in Resources */,
				70F9D4B52A392E4300D659EC /* Cardinal.m4a in Resources */,
				7051A4C72BA0CBAC00879420 /* blueBalloon.json in Resources */,
				70F9D4B82A392E4300D659EC /* Divinity.m4a in Resources */,
				7051A4C12BA0CB8F00879420 /* orangeBalloon.json in Resources */,
				707168C628EE0C7E008B1D69 /* Assets.xcassets in Resources */,
				7051A4CD2BA0CC9900879420 /* whiteBalloon.json in Resources */,
				7051A4C92BA0CBB200879420 /* purpleBalloon.json in Resources */,
				7051A4C32BA0CB9500879420 /* yellowBalloon.json in Resources */,
			);
			runOnlyForDeploymentPostprocessing = 0;
		};
/* End PBXResourcesBuildPhase section */

/* Begin PBXSourcesBuildPhase section */
		707168B228EE0C7B008B1D69 /* Sources */ = {
			isa = PBXSourcesBuildPhase;
			buildActionMask = 2147483647;
			files = (
				70A76A5029FEACF4003D72D6 /* Routine+CoreDataClass.swift in Sources */,
				705221A129F561930010D327 /* Factories.swift in Sources */,
				707168BE28EE0C7B008B1D69 /* RoutineController.swift in Sources */,
				707168BA28EE0C7B008B1D69 /* AppDelegate.swift in Sources */,
				7061EF982C6574220032A5F0 /* FrozenController.swift in Sources */,
				706D66D92A353270003BE508 /* CustomPickerView.swift in Sources */,
				70A92CCF28EF0C09004D5419 /* UISegmentedControl+Extensions.swift in Sources */,
				70A92CC928EEE3C5004D5419 /* UIColor+HexValue.swift in Sources */,
				707168C428EE0C7B008B1D69 /* Week_Routine.xcdatamodeld in Sources */,
				707168BC28EE0C7B008B1D69 /* SceneDelegate.swift in Sources */,
				70ECB52128F03465002B2483 /* RoutineBrain.swift in Sources */,
				70A92CCB28EEE50C004D5419 /* UITextField+Extensions.swift in Sources */,
				706D66E32A3882AB003BE508 /* LogHeader.swift in Sources */,
				706D66D52A349440003BE508 /* FilterView.swift in Sources */,
				70A76A5129FEACF4003D72D6 /* Routine+CoreDataProperties.swift in Sources */,
				706D66E12A386114003BE508 /* NotificationManager.swift in Sources */,
				70A76A5529FEB69C003D72D6 /* LogCell.swift in Sources */,
				70B416652A394355009389F5 /* Player.swift in Sources */,
				702BA40528EE105800BB7EDB /* AddEditController.swift in Sources */,
				705221A329F57A170010D327 /* UIViewController+Extensions.swift in Sources */,
				70C38BF4294A120100961BBB /* Date+Extensions.swift in Sources */,
				70DAB4B729F1A71500957643 /* UIView+Extensions.swift in Sources */,
				70A76A4F29FEACF4003D72D6 /* Log+CoreDataProperties.swift in Sources */,
				706D66D32A34942E003BE508 /* FilterCell.swift in Sources */,
				70208F072B98DDCB00D6E8D0 /* CelebrationAnimationView.swift in Sources */,
				707A5D21293A862500D7D19A /* PlaceholderView.swift in Sources */,
				70A76A5329FEB0C4003D72D6 /* LogController.swift in Sources */,
				7052219F29F55FE90010D327 /* RoutineCell.swift in Sources */,
				70A76A4E29FEACF4003D72D6 /* Log+CoreDataClass.swift in Sources */,
				70B416672A3A734F009389F5 /* RoutineFooter.swift in Sources */,
				70D5560428F1652600FE9C83 /* Constants.swift in Sources */,
				707A5D1F293A6B0D00D7D19A /* UIContextualAction+Extensions.swift in Sources */,
				70042FA628F5E46C00E3AB49 /* UIButton+Extensions.swift in Sources */,
				70EADD502C62821500D9CAED /* CoreDataManager.swift in Sources */,
				70507EEB293969C200BBC6B9 /* UIImage+Extensions.swift in Sources */,
			);
			runOnlyForDeploymentPostprocessing = 0;
		};
/* End PBXSourcesBuildPhase section */

/* Begin PBXVariantGroup section */
		707168C728EE0C7E008B1D69 /* LaunchScreen.storyboard */ = {
			isa = PBXVariantGroup;
			children = (
				707168C828EE0C7E008B1D69 /* Base */,
			);
			name = LaunchScreen.storyboard;
			sourceTree = "<group>";
		};
/* End PBXVariantGroup section */

/* Begin XCBuildConfiguration section */
		707168CB28EE0C7E008B1D69 /* Debug */ = {
			isa = XCBuildConfiguration;
			buildSettings = {
				ALWAYS_SEARCH_USER_PATHS = NO;
				CLANG_ANALYZER_NONNULL = YES;
				CLANG_ANALYZER_NUMBER_OBJECT_CONVERSION = YES_AGGRESSIVE;
				CLANG_CXX_LANGUAGE_STANDARD = "gnu++17";
				CLANG_ENABLE_MODULES = YES;
				CLANG_ENABLE_OBJC_ARC = YES;
				CLANG_ENABLE_OBJC_WEAK = YES;
				CLANG_WARN_BLOCK_CAPTURE_AUTORELEASING = YES;
				CLANG_WARN_BOOL_CONVERSION = YES;
				CLANG_WARN_COMMA = YES;
				CLANG_WARN_CONSTANT_CONVERSION = YES;
				CLANG_WARN_DEPRECATED_OBJC_IMPLEMENTATIONS = YES;
				CLANG_WARN_DIRECT_OBJC_ISA_USAGE = YES_ERROR;
				CLANG_WARN_DOCUMENTATION_COMMENTS = YES;
				CLANG_WARN_EMPTY_BODY = YES;
				CLANG_WARN_ENUM_CONVERSION = YES;
				CLANG_WARN_INFINITE_RECURSION = YES;
				CLANG_WARN_INT_CONVERSION = YES;
				CLANG_WARN_NON_LITERAL_NULL_CONVERSION = YES;
				CLANG_WARN_OBJC_IMPLICIT_RETAIN_SELF = YES;
				CLANG_WARN_OBJC_LITERAL_CONVERSION = YES;
				CLANG_WARN_OBJC_ROOT_CLASS = YES_ERROR;
				CLANG_WARN_QUOTED_INCLUDE_IN_FRAMEWORK_HEADER = YES;
				CLANG_WARN_RANGE_LOOP_ANALYSIS = YES;
				CLANG_WARN_STRICT_PROTOTYPES = YES;
				CLANG_WARN_SUSPICIOUS_MOVE = YES;
				CLANG_WARN_UNGUARDED_AVAILABILITY = YES_AGGRESSIVE;
				CLANG_WARN_UNREACHABLE_CODE = YES;
				CLANG_WARN__DUPLICATE_METHOD_MATCH = YES;
				COPY_PHASE_STRIP = NO;
				DEBUG_INFORMATION_FORMAT = dwarf;
				ENABLE_STRICT_OBJC_MSGSEND = YES;
				ENABLE_TESTABILITY = YES;
				GCC_C_LANGUAGE_STANDARD = gnu11;
				GCC_DYNAMIC_NO_PIC = NO;
				GCC_NO_COMMON_BLOCKS = YES;
				GCC_OPTIMIZATION_LEVEL = 0;
				GCC_PREPROCESSOR_DEFINITIONS = (
					"DEBUG=1",
					"$(inherited)",
				);
				GCC_WARN_64_TO_32_BIT_CONVERSION = YES;
				GCC_WARN_ABOUT_RETURN_TYPE = YES_ERROR;
				GCC_WARN_UNDECLARED_SELECTOR = YES;
				GCC_WARN_UNINITIALIZED_AUTOS = YES_AGGRESSIVE;
				GCC_WARN_UNUSED_FUNCTION = YES;
				GCC_WARN_UNUSED_VARIABLE = YES;
				IPHONEOS_DEPLOYMENT_TARGET = 13.0;
				MTL_ENABLE_DEBUG_INFO = INCLUDE_SOURCE;
				MTL_FAST_MATH = YES;
				ONLY_ACTIVE_ARCH = YES;
				SDKROOT = iphoneos;
				SWIFT_ACTIVE_COMPILATION_CONDITIONS = DEBUG;
				SWIFT_OPTIMIZATION_LEVEL = "-Onone";
			};
			name = Debug;
		};
		707168CC28EE0C7E008B1D69 /* Release */ = {
			isa = XCBuildConfiguration;
			buildSettings = {
				ALWAYS_SEARCH_USER_PATHS = NO;
				CLANG_ANALYZER_NONNULL = YES;
				CLANG_ANALYZER_NUMBER_OBJECT_CONVERSION = YES_AGGRESSIVE;
				CLANG_CXX_LANGUAGE_STANDARD = "gnu++17";
				CLANG_ENABLE_MODULES = YES;
				CLANG_ENABLE_OBJC_ARC = YES;
				CLANG_ENABLE_OBJC_WEAK = YES;
				CLANG_WARN_BLOCK_CAPTURE_AUTORELEASING = YES;
				CLANG_WARN_BOOL_CONVERSION = YES;
				CLANG_WARN_COMMA = YES;
				CLANG_WARN_CONSTANT_CONVERSION = YES;
				CLANG_WARN_DEPRECATED_OBJC_IMPLEMENTATIONS = YES;
				CLANG_WARN_DIRECT_OBJC_ISA_USAGE = YES_ERROR;
				CLANG_WARN_DOCUMENTATION_COMMENTS = YES;
				CLANG_WARN_EMPTY_BODY = YES;
				CLANG_WARN_ENUM_CONVERSION = YES;
				CLANG_WARN_INFINITE_RECURSION = YES;
				CLANG_WARN_INT_CONVERSION = YES;
				CLANG_WARN_NON_LITERAL_NULL_CONVERSION = YES;
				CLANG_WARN_OBJC_IMPLICIT_RETAIN_SELF = YES;
				CLANG_WARN_OBJC_LITERAL_CONVERSION = YES;
				CLANG_WARN_OBJC_ROOT_CLASS = YES_ERROR;
				CLANG_WARN_QUOTED_INCLUDE_IN_FRAMEWORK_HEADER = YES;
				CLANG_WARN_RANGE_LOOP_ANALYSIS = YES;
				CLANG_WARN_STRICT_PROTOTYPES = YES;
				CLANG_WARN_SUSPICIOUS_MOVE = YES;
				CLANG_WARN_UNGUARDED_AVAILABILITY = YES_AGGRESSIVE;
				CLANG_WARN_UNREACHABLE_CODE = YES;
				CLANG_WARN__DUPLICATE_METHOD_MATCH = YES;
				COPY_PHASE_STRIP = NO;
				DEBUG_INFORMATION_FORMAT = "dwarf-with-dsym";
				ENABLE_NS_ASSERTIONS = NO;
				ENABLE_STRICT_OBJC_MSGSEND = YES;
				GCC_C_LANGUAGE_STANDARD = gnu11;
				GCC_NO_COMMON_BLOCKS = YES;
				GCC_WARN_64_TO_32_BIT_CONVERSION = YES;
				GCC_WARN_ABOUT_RETURN_TYPE = YES_ERROR;
				GCC_WARN_UNDECLARED_SELECTOR = YES;
				GCC_WARN_UNINITIALIZED_AUTOS = YES_AGGRESSIVE;
				GCC_WARN_UNUSED_FUNCTION = YES;
				GCC_WARN_UNUSED_VARIABLE = YES;
				IPHONEOS_DEPLOYMENT_TARGET = 13.0;
				MTL_ENABLE_DEBUG_INFO = NO;
				MTL_FAST_MATH = YES;
				SDKROOT = iphoneos;
				SWIFT_COMPILATION_MODE = wholemodule;
				SWIFT_OPTIMIZATION_LEVEL = "-O";
				VALIDATE_PRODUCT = YES;
			};
			name = Release;
		};
		707168CE28EE0C7E008B1D69 /* Debug */ = {
			isa = XCBuildConfiguration;
			buildSettings = {
				ASSETCATALOG_COMPILER_APPICON_NAME = AppIcon;
				ASSETCATALOG_COMPILER_GLOBAL_ACCENT_COLOR_NAME = AccentColor;
				CODE_SIGN_ENTITLEMENTS = "Week Routine/Week Routine.entitlements";
				CODE_SIGN_STYLE = Automatic;
				CURRENT_PROJECT_VERSION = 1;
				DEVELOPMENT_TEAM = UA5J3LA7RU;
				GENERATE_INFOPLIST_FILE = YES;
				INFOPLIST_FILE = "Week Routine/Info.plist";
				INFOPLIST_KEY_UIApplicationSupportsIndirectInputEvents = YES;
				INFOPLIST_KEY_UILaunchStoryboardName = LaunchScreen;
				INFOPLIST_KEY_UIRequiresFullScreen = YES;
				INFOPLIST_KEY_UISupportedInterfaceOrientations = UIInterfaceOrientationPortrait;
				INFOPLIST_KEY_UISupportedInterfaceOrientations_iPad = UIInterfaceOrientationPortrait;
				INFOPLIST_KEY_UISupportedInterfaceOrientations_iPhone = UIInterfaceOrientationPortrait;
				IPHONEOS_DEPLOYMENT_TARGET = 13.0;
				LD_RUNPATH_SEARCH_PATHS = (
					"$(inherited)",
					"@executable_path/Frameworks",
				);
				MARKETING_VERSION = 1.0.2;
				PRODUCT_BUNDLE_IDENTIFIER = "com.ibrahimuysal.Week-Routine";
				PRODUCT_NAME = "$(TARGET_NAME)";
				SWIFT_EMIT_LOC_STRINGS = YES;
				SWIFT_VERSION = 5.0;
				TARGETED_DEVICE_FAMILY = "1,2";
			};
			name = Debug;
		};
		707168CF28EE0C7E008B1D69 /* Release */ = {
			isa = XCBuildConfiguration;
			buildSettings = {
				ASSETCATALOG_COMPILER_APPICON_NAME = AppIcon;
				ASSETCATALOG_COMPILER_GLOBAL_ACCENT_COLOR_NAME = AccentColor;
				CODE_SIGN_ENTITLEMENTS = "Week Routine/Week Routine.entitlements";
				CODE_SIGN_STYLE = Automatic;
				CURRENT_PROJECT_VERSION = 1;
				DEVELOPMENT_TEAM = UA5J3LA7RU;
				GENERATE_INFOPLIST_FILE = YES;
				INFOPLIST_FILE = "Week Routine/Info.plist";
				INFOPLIST_KEY_UIApplicationSupportsIndirectInputEvents = YES;
				INFOPLIST_KEY_UILaunchStoryboardName = LaunchScreen;
				INFOPLIST_KEY_UIRequiresFullScreen = YES;
				INFOPLIST_KEY_UISupportedInterfaceOrientations = UIInterfaceOrientationPortrait;
				INFOPLIST_KEY_UISupportedInterfaceOrientations_iPad = UIInterfaceOrientationPortrait;
				INFOPLIST_KEY_UISupportedInterfaceOrientations_iPhone = UIInterfaceOrientationPortrait;
				IPHONEOS_DEPLOYMENT_TARGET = 13.0;
				LD_RUNPATH_SEARCH_PATHS = (
					"$(inherited)",
					"@executable_path/Frameworks",
				);
				MARKETING_VERSION = 1.0.2;
				PRODUCT_BUNDLE_IDENTIFIER = "com.ibrahimuysal.Week-Routine";
				PRODUCT_NAME = "$(TARGET_NAME)";
				SWIFT_EMIT_LOC_STRINGS = YES;
				SWIFT_VERSION = 5.0;
				TARGETED_DEVICE_FAMILY = "1,2";
			};
			name = Release;
		};
/* End XCBuildConfiguration section */

/* Begin XCConfigurationList section */
		707168B128EE0C7B008B1D69 /* Build configuration list for PBXProject "Week Routine" */ = {
			isa = XCConfigurationList;
			buildConfigurations = (
				707168CB28EE0C7E008B1D69 /* Debug */,
				707168CC28EE0C7E008B1D69 /* Release */,
			);
			defaultConfigurationIsVisible = 0;
			defaultConfigurationName = Release;
		};
		707168CD28EE0C7E008B1D69 /* Build configuration list for PBXNativeTarget "Week Routine" */ = {
			isa = XCConfigurationList;
			buildConfigurations = (
				707168CE28EE0C7E008B1D69 /* Debug */,
				707168CF28EE0C7E008B1D69 /* Release */,
			);
			defaultConfigurationIsVisible = 0;
			defaultConfigurationName = Release;
		};
/* End XCConfigurationList section */

/* Begin XCRemoteSwiftPackageReference section */
		70208F032B98DDA200D6E8D0 /* XCRemoteSwiftPackageReference "lottie-ios" */ = {
			isa = XCRemoteSwiftPackageReference;
			repositoryURL = "https://github.com/airbnb/lottie-ios.git";
			requirement = {
				kind = upToNextMajorVersion;
				minimumVersion = 4.0.0;
			};
		};
/* End XCRemoteSwiftPackageReference section */

/* Begin XCSwiftPackageProductDependency section */
		70208F042B98DDA200D6E8D0 /* Lottie */ = {
			isa = XCSwiftPackageProductDependency;
			package = 70208F032B98DDA200D6E8D0 /* XCRemoteSwiftPackageReference "lottie-ios" */;
			productName = Lottie;
		};
/* End XCSwiftPackageProductDependency section */

/* Begin XCVersionGroup section */
		707168C228EE0C7B008B1D69 /* Week_Routine.xcdatamodeld */ = {
			isa = XCVersionGroup;
			children = (
				707168C328EE0C7B008B1D69 /* Week_Routine.xcdatamodel */,
			);
			currentVersion = 707168C328EE0C7B008B1D69 /* Week_Routine.xcdatamodel */;
			path = Week_Routine.xcdatamodeld;
			sourceTree = "<group>";
			versionGroupType = wrapper.xcdatamodel;
		};
/* End XCVersionGroup section */
	};
	rootObject = 707168AE28EE0C7B008B1D69 /* Project object */;
}
